Microsoft Visual Studio Solution File, Format Version 11.00
# Visual Studio 2010
Project("{2150E333-8FDC-42A3-9474-1A3956D46DE8}") = "Solution Items", "Solution Items", "{6B228E9F-22B3-4347-867B-F33FF44B8F00}"
	ProjectSection(SolutionItems) = preProject
		features.TXT = features.TXT
		history.TXT = history.TXT
		license.txt = license.txt
	EndProjectSection
EndProject
Project("{2150E333-8FDC-42A3-9474-1A3956D46DE8}") = "Core", "Core", "{5F9B37B0-2053-4B4C-882C-C9E5A15F4154}"
EndProject
Project("{2150E333-8FDC-42A3-9474-1A3956D46DE8}") = "Players", "Players", "{487313E8-D8D4-4D41-905A-2C3687FBCFD1}"
EndProject
Project("{2150E333-8FDC-42A3-9474-1A3956D46DE8}") = "WindowsForms", "WindowsForms", "{2644B5A3-A937-4B5E-B1DE-2D0950AD240B}"
EndProject
Project("{2150E333-8FDC-42A3-9474-1A3956D46DE8}") = "WPF", "WPF", "{AA66A153-3289-47A3-B86C-1B6C8B4A4610}"
EndProject
Project("{8BC9CEB8-8B4A-11D0-8D11-00A0C91BC942}") = "nwnd", "Core\nwnd\nwnd.vcxproj", "{69C37372-AFE3-4883-BD3C-06B88F053153}"
EndProject
Project("{8BC9CEB8-8B4A-11D0-8D11-00A0C91BC942}") = "nwnd64", "Core\nwnd64\nwnd64.vcxproj", "{B2715412-5382-4CA1-A64F-A69C419B152A}"
EndProject
Project("{FAE04EC0-301F-11D3-BF4B-00C04F79EFBC}") = "Pvp.Core", "Core\Pvp.Core\Pvp.Core.csproj", "{C2E6EE93-B834-4445-9AA2-28F6A6E23D8E}"
EndProject
Project("{FAE04EC0-301F-11D3-BF4B-00C04F79EFBC}") = "Pvp.Core.WindowsForms", "Core\Pvp.Core.WindowsForms\Pvp.Core.WindowsForms.csproj", "{DD243C13-EE02-49F5-949B-FAC91BE3220E}"
EndProject
Project("{FAE04EC0-301F-11D3-BF4B-00C04F79EFBC}") = "Pvp.Core.Wpf", "Core\Pvp.Core.Wpf\Pvp.Core.Wpf.csproj", "{E20389D6-73AD-410A-BB08-D4009B897E4A}"
EndProject
Project("{FAE04EC0-301F-11D3-BF4B-00C04F79EFBC}") = "AdvancedUI", "Players\WindowsForms\AdvancedUI\AdvancedUI.csproj", "{8284DFC9-F996-4169-B947-96B36F3B27A1}"
EndProject
Project("{FAE04EC0-301F-11D3-BF4B-00C04F79EFBC}") = "theme", "Players\WindowsForms\theme\theme.csproj", "{003E3233-557D-4170-9BFC-813A7A71DA49}"
EndProject
Project("{FAE04EC0-301F-11D3-BF4B-00C04F79EFBC}") = "pvp", "Players\WindowsForms\pvp\pvp.csproj", "{96AC1EE2-9A4A-412B-8A61-6C423E03C13E}"
EndProject
Project("{FAE04EC0-301F-11D3-BF4B-00C04F79EFBC}") = "Pvp.App", "Players\WPF\Pvp.App\Pvp.App.csproj", "{F3EDD60A-1420-47D9-85F6-6BA5BE8D1ACF}"
EndProject
Project("{8BC9CEB8-8B4A-11D0-8D11-00A0C91BC942}") = "EVRPresenter", "Core\EVRPresenter\EVRPresenter.vcxproj", "{93795BD8-0E1B-4D6C-B5F4-B49533E8C7E8}"
EndProject
Global
	GlobalSection(TeamFoundationVersionControl) = preSolution
		SccNumberOfProjects = 11
		SccEnterpriseProvider = {4CA58AB2-18FA-4F8D-95D4-32DDF27D184C}
		SccTeamFoundationServer = https://tfs.codeplex.com/tfs/tfs09
		SccLocalPath0 = .
		SccProjectUniqueName1 = Core\\nwnd\\nwnd.vcxproj
		SccProjectTopLevelParentUniqueName1 = Power\u0020Video\u0020Player.sln
		SccProjectName1 = Core/nwnd
		SccLocalPath1 = Core\\nwnd
		SccProjectUniqueName2 = Core\\nwnd64\\nwnd64.vcxproj
		SccProjectTopLevelParentUniqueName2 = Power\u0020Video\u0020Player.sln
		SccProjectName2 = Core/nwnd64
		SccLocalPath2 = Core\\nwnd64
		SccProjectUniqueName3 = Core\\Pvp.Core\\Pvp.Core.csproj
		SccProjectTopLevelParentUniqueName3 = Power\u0020Video\u0020Player.sln
		SccProjectName3 = Core/Pvp.Core
		SccLocalPath3 = Core\\Pvp.Core
		SccProjectUniqueName4 = Core\\Pvp.Core.WindowsForms\\Pvp.Core.WindowsForms.csproj
		SccProjectTopLevelParentUniqueName4 = Power\u0020Video\u0020Player.sln
		SccProjectName4 = Core/Pvp.Core.WindowsForms
		SccLocalPath4 = Core\\Pvp.Core.WindowsForms
		SccProjectUniqueName5 = Core\\Pvp.Core.Wpf\\Pvp.Core.Wpf.csproj
		SccProjectTopLevelParentUniqueName5 = Power\u0020Video\u0020Player.sln
		SccProjectName5 = Core/Pvp.Core.Wpf
		SccLocalPath5 = Core\\Pvp.Core.Wpf
		SccProjectUniqueName6 = Players\\WindowsForms\\AdvancedUI\\AdvancedUI.csproj
		SccProjectTopLevelParentUniqueName6 = Power\u0020Video\u0020Player.sln
		SccProjectName6 = Players/WindowsForms/AdvancedUI
		SccLocalPath6 = Players\\WindowsForms\\AdvancedUI
		SccProjectUniqueName7 = Players\\WindowsForms\\theme\\theme.csproj
		SccProjectTopLevelParentUniqueName7 = Power\u0020Video\u0020Player.sln
		SccProjectName7 = Players/WindowsForms/theme
		SccLocalPath7 = Players\\WindowsForms\\theme
		SccProjectUniqueName8 = Players\\WindowsForms\\pvp\\pvp.csproj
		SccProjectTopLevelParentUniqueName8 = Power\u0020Video\u0020Player.sln
		SccProjectName8 = Players/WindowsForms/pvp
		SccLocalPath8 = Players\\WindowsForms\\pvp
		SccProjectUniqueName9 = Players\\WPF\\Pvp.App\\Pvp.App.csproj
		SccProjectTopLevelParentUniqueName9 = Power\u0020Video\u0020Player.sln
		SccProjectName9 = Players/WPF/Pvp.App
		SccLocalPath9 = Players\\WPF\\Pvp.App
		SccProjectUniqueName10 = Core\\EVRPresenter\\EVRPresenter.vcxproj
		SccProjectTopLevelParentUniqueName10 = Power\u0020Video\u0020Player.sln
		SccProjectName10 = Core/EVRPresenter
		SccLocalPath10 = Core\\EVRPresenter
	EndGlobalSection
	GlobalSection(SolutionConfigurationPlatforms) = preSolution
		Debug|Any CPU = Debug|Any CPU
		Debug|Mixed Platforms = Debug|Mixed Platforms
		Debug|Win32 = Debug|Win32
		Debug|x64 = Debug|x64
		Debug|x86 = Debug|x86
		Release|Any CPU = Release|Any CPU
		Release|Mixed Platforms = Release|Mixed Platforms
		Release|Win32 = Release|Win32
		Release|x64 = Release|x64
		Release|x86 = Release|x86
	EndGlobalSection
	GlobalSection(ProjectConfigurationPlatforms) = postSolution
		{69C37372-AFE3-4883-BD3C-06B88F053153}.Debug|Any CPU.ActiveCfg = Debug|Win32
		{69C37372-AFE3-4883-BD3C-06B88F053153}.Debug|Mixed Platforms.ActiveCfg = Debug|Win32
		{69C37372-AFE3-4883-BD3C-06B88F053153}.Debug|Mixed Platforms.Build.0 = Debug|Win32
		{69C37372-AFE3-4883-BD3C-06B88F053153}.Debug|Win32.ActiveCfg = Debug|Win32
		{69C37372-AFE3-4883-BD3C-06B88F053153}.Debug|Win32.Build.0 = Debug|Win32
		{69C37372-AFE3-4883-BD3C-06B88F053153}.Debug|x64.ActiveCfg = Debug|Win32
		{69C37372-AFE3-4883-BD3C-06B88F053153}.Debug|x86.ActiveCfg = Debug|Win32
		{69C37372-AFE3-4883-BD3C-06B88F053153}.Release|Any CPU.ActiveCfg = Release|Win32
		{69C37372-AFE3-4883-BD3C-06B88F053153}.Release|Mixed Platforms.ActiveCfg = Release|Win32
		{69C37372-AFE3-4883-BD3C-06B88F053153}.Release|Mixed Platforms.Build.0 = Release|Win32
		{69C37372-AFE3-4883-BD3C-06B88F053153}.Release|Win32.ActiveCfg = Release|Win32
		{69C37372-AFE3-4883-BD3C-06B88F053153}.Release|Win32.Build.0 = Release|Win32
		{69C37372-AFE3-4883-BD3C-06B88F053153}.Release|x64.ActiveCfg = Release|Win32
		{69C37372-AFE3-4883-BD3C-06B88F053153}.Release|x86.ActiveCfg = Release|Win32
		{B2715412-5382-4CA1-A64F-A69C419B152A}.Debug|Any CPU.ActiveCfg = Debug|x64
		{B2715412-5382-4CA1-A64F-A69C419B152A}.Debug|Mixed Platforms.ActiveCfg = Debug|x64
		{B2715412-5382-4CA1-A64F-A69C419B152A}.Debug|Mixed Platforms.Build.0 = Debug|x64
		{B2715412-5382-4CA1-A64F-A69C419B152A}.Debug|Win32.ActiveCfg = Debug|Win32
		{B2715412-5382-4CA1-A64F-A69C419B152A}.Debug|Win32.Build.0 = Debug|Win32
		{B2715412-5382-4CA1-A64F-A69C419B152A}.Debug|x64.ActiveCfg = Debug|x64
		{B2715412-5382-4CA1-A64F-A69C419B152A}.Debug|x64.Build.0 = Debug|x64
		{B2715412-5382-4CA1-A64F-A69C419B152A}.Debug|x86.ActiveCfg = Debug|x64
		{B2715412-5382-4CA1-A64F-A69C419B152A}.Release|Any CPU.ActiveCfg = Release|x64
		{B2715412-5382-4CA1-A64F-A69C419B152A}.Release|Mixed Platforms.ActiveCfg = Release|x64
		{B2715412-5382-4CA1-A64F-A69C419B152A}.Release|Mixed Platforms.Build.0 = Release|x64
		{B2715412-5382-4CA1-A64F-A69C419B152A}.Release|Win32.ActiveCfg = Release|Win32
		{B2715412-5382-4CA1-A64F-A69C419B152A}.Release|Win32.Build.0 = Release|Win32
		{B2715412-5382-4CA1-A64F-A69C419B152A}.Release|x64.ActiveCfg = Release|x64
		{B2715412-5382-4CA1-A64F-A69C419B152A}.Release|x64.Build.0 = Release|x64
		{B2715412-5382-4CA1-A64F-A69C419B152A}.Release|x86.ActiveCfg = Release|x64
		{C2E6EE93-B834-4445-9AA2-28F6A6E23D8E}.Debug|Any CPU.ActiveCfg = Debug|Any CPU
		{C2E6EE93-B834-4445-9AA2-28F6A6E23D8E}.Debug|Any CPU.Build.0 = Debug|Any CPU
		{C2E6EE93-B834-4445-9AA2-28F6A6E23D8E}.Debug|Mixed Platforms.ActiveCfg = Debug|Any CPU
		{C2E6EE93-B834-4445-9AA2-28F6A6E23D8E}.Debug|Mixed Platforms.Build.0 = Debug|Any CPU
		{C2E6EE93-B834-4445-9AA2-28F6A6E23D8E}.Debug|Win32.ActiveCfg = Debug|Any CPU
		{C2E6EE93-B834-4445-9AA2-28F6A6E23D8E}.Debug|x64.ActiveCfg = Debug|Any CPU
		{C2E6EE93-B834-4445-9AA2-28F6A6E23D8E}.Debug|x86.ActiveCfg = Debug|Any CPU
		{C2E6EE93-B834-4445-9AA2-28F6A6E23D8E}.Release|Any CPU.ActiveCfg = Release|Any CPU
		{C2E6EE93-B834-4445-9AA2-28F6A6E23D8E}.Release|Any CPU.Build.0 = Release|Any CPU
		{C2E6EE93-B834-4445-9AA2-28F6A6E23D8E}.Release|Mixed Platforms.ActiveCfg = Release|Any CPU
		{C2E6EE93-B834-4445-9AA2-28F6A6E23D8E}.Release|Mixed Platforms.Build.0 = Release|Any CPU
		{C2E6EE93-B834-4445-9AA2-28F6A6E23D8E}.Release|Win32.ActiveCfg = Release|Any CPU
		{C2E6EE93-B834-4445-9AA2-28F6A6E23D8E}.Release|x64.ActiveCfg = Release|Any CPU
		{C2E6EE93-B834-4445-9AA2-28F6A6E23D8E}.Release|x86.ActiveCfg = Release|Any CPU
		{DD243C13-EE02-49F5-949B-FAC91BE3220E}.Debug|Any CPU.ActiveCfg = Debug|Any CPU
		{DD243C13-EE02-49F5-949B-FAC91BE3220E}.Debug|Any CPU.Build.0 = Debug|Any CPU
		{DD243C13-EE02-49F5-949B-FAC91BE3220E}.Debug|Mixed Platforms.ActiveCfg = Debug|Any CPU
		{DD243C13-EE02-49F5-949B-FAC91BE3220E}.Debug|Mixed Platforms.Build.0 = Debug|Any CPU
		{DD243C13-EE02-49F5-949B-FAC91BE3220E}.Debug|Win32.ActiveCfg = Debug|Any CPU
		{DD243C13-EE02-49F5-949B-FAC91BE3220E}.Debug|x64.ActiveCfg = Debug|Any CPU
		{DD243C13-EE02-49F5-949B-FAC91BE3220E}.Debug|x86.ActiveCfg = Debug|Any CPU
		{DD243C13-EE02-49F5-949B-FAC91BE3220E}.Release|Any CPU.ActiveCfg = Release|Any CPU
		{DD243C13-EE02-49F5-949B-FAC91BE3220E}.Release|Any CPU.Build.0 = Release|Any CPU
		{DD243C13-EE02-49F5-949B-FAC91BE3220E}.Release|Mixed Platforms.ActiveCfg = Release|Any CPU
		{DD243C13-EE02-49F5-949B-FAC91BE3220E}.Release|Mixed Platforms.Build.0 = Release|Any CPU
		{DD243C13-EE02-49F5-949B-FAC91BE3220E}.Release|Win32.ActiveCfg = Release|Any CPU
		{DD243C13-EE02-49F5-949B-FAC91BE3220E}.Release|x64.ActiveCfg = Release|Any CPU
		{DD243C13-EE02-49F5-949B-FAC91BE3220E}.Release|x86.ActiveCfg = Release|Any CPU
		{E20389D6-73AD-410A-BB08-D4009B897E4A}.Debug|Any CPU.ActiveCfg = Debug|Any CPU
		{E20389D6-73AD-410A-BB08-D4009B897E4A}.Debug|Any CPU.Build.0 = Debug|Any CPU
		{E20389D6-73AD-410A-BB08-D4009B897E4A}.Debug|Mixed Platforms.ActiveCfg = Debug|Any CPU
		{E20389D6-73AD-410A-BB08-D4009B897E4A}.Debug|Mixed Platforms.Build.0 = Debug|Any CPU
		{E20389D6-73AD-410A-BB08-D4009B897E4A}.Debug|Win32.ActiveCfg = Debug|Any CPU
		{E20389D6-73AD-410A-BB08-D4009B897E4A}.Debug|x64.ActiveCfg = Debug|Any CPU
		{E20389D6-73AD-410A-BB08-D4009B897E4A}.Debug|x86.ActiveCfg = Debug|Any CPU
		{E20389D6-73AD-410A-BB08-D4009B897E4A}.Release|Any CPU.ActiveCfg = Release|Any CPU
		{E20389D6-73AD-410A-BB08-D4009B897E4A}.Release|Any CPU.Build.0 = Release|Any CPU
		{E20389D6-73AD-410A-BB08-D4009B897E4A}.Release|Mixed Platforms.ActiveCfg = Release|Any CPU
		{E20389D6-73AD-410A-BB08-D4009B897E4A}.Release|Mixed Platforms.Build.0 = Release|Any CPU
		{E20389D6-73AD-410A-BB08-D4009B897E4A}.Release|Win32.ActiveCfg = Release|Any CPU
		{E20389D6-73AD-410A-BB08-D4009B897E4A}.Release|x64.ActiveCfg = Release|Any CPU
		{E20389D6-73AD-410A-BB08-D4009B897E4A}.Release|x86.ActiveCfg = Release|Any CPU
		{8284DFC9-F996-4169-B947-96B36F3B27A1}.Debug|Any CPU.ActiveCfg = Debug|Any CPU
		{8284DFC9-F996-4169-B947-96B36F3B27A1}.Debug|Any CPU.Build.0 = Debug|Any CPU
		{8284DFC9-F996-4169-B947-96B36F3B27A1}.Debug|Mixed Platforms.ActiveCfg = Debug|x86
		{8284DFC9-F996-4169-B947-96B36F3B27A1}.Debug|Mixed Platforms.Build.0 = Debug|x86
		{8284DFC9-F996-4169-B947-96B36F3B27A1}.Debug|Win32.ActiveCfg = Debug|x86
		{8284DFC9-F996-4169-B947-96B36F3B27A1}.Debug|x64.ActiveCfg = Debug|x86
		{8284DFC9-F996-4169-B947-96B36F3B27A1}.Debug|x86.ActiveCfg = Debug|x86
		{8284DFC9-F996-4169-B947-96B36F3B27A1}.Debug|x86.Build.0 = Debug|x86
		{8284DFC9-F996-4169-B947-96B36F3B27A1}.Release|Any CPU.ActiveCfg = Release|Any CPU
		{8284DFC9-F996-4169-B947-96B36F3B27A1}.Release|Any CPU.Build.0 = Release|Any CPU
		{8284DFC9-F996-4169-B947-96B36F3B27A1}.Release|Mixed Platforms.ActiveCfg = Release|x86
		{8284DFC9-F996-4169-B947-96B36F3B27A1}.Release|Mixed Platforms.Build.0 = Release|x86
		{8284DFC9-F996-4169-B947-96B36F3B27A1}.Release|Win32.ActiveCfg = Release|x86
		{8284DFC9-F996-4169-B947-96B36F3B27A1}.Release|x64.ActiveCfg = Release|x86
		{8284DFC9-F996-4169-B947-96B36F3B27A1}.Release|x86.ActiveCfg = Release|x86
		{8284DFC9-F996-4169-B947-96B36F3B27A1}.Release|x86.Build.0 = Release|x86
		{003E3233-557D-4170-9BFC-813A7A71DA49}.Debug|Any CPU.ActiveCfg = Debug|Any CPU
		{003E3233-557D-4170-9BFC-813A7A71DA49}.Debug|Any CPU.Build.0 = Debug|Any CPU
		{003E3233-557D-4170-9BFC-813A7A71DA49}.Debug|Mixed Platforms.ActiveCfg = Debug|x86
		{003E3233-557D-4170-9BFC-813A7A71DA49}.Debug|Mixed Platforms.Build.0 = Debug|x86
		{003E3233-557D-4170-9BFC-813A7A71DA49}.Debug|Win32.ActiveCfg = Debug|x86
		{003E3233-557D-4170-9BFC-813A7A71DA49}.Debug|x64.ActiveCfg = Debug|x86
		{003E3233-557D-4170-9BFC-813A7A71DA49}.Debug|x86.ActiveCfg = Debug|x86
		{003E3233-557D-4170-9BFC-813A7A71DA49}.Debug|x86.Build.0 = Debug|x86
		{003E3233-557D-4170-9BFC-813A7A71DA49}.Release|Any CPU.ActiveCfg = Release|Any CPU
		{003E3233-557D-4170-9BFC-813A7A71DA49}.Release|Any CPU.Build.0 = Release|Any CPU
		{003E3233-557D-4170-9BFC-813A7A71DA49}.Release|Mixed Platforms.ActiveCfg = Release|x86
		{003E3233-557D-4170-9BFC-813A7A71DA49}.Release|Mixed Platforms.Build.0 = Release|x86
		{003E3233-557D-4170-9BFC-813A7A71DA49}.Release|Win32.ActiveCfg = Release|x86
		{003E3233-557D-4170-9BFC-813A7A71DA49}.Release|x64.ActiveCfg = Release|x86
		{003E3233-557D-4170-9BFC-813A7A71DA49}.Release|x86.ActiveCfg = Release|x86
		{003E3233-557D-4170-9BFC-813A7A71DA49}.Release|x86.Build.0 = Release|x86
		{96AC1EE2-9A4A-412B-8A61-6C423E03C13E}.Debug|Any CPU.ActiveCfg = Debug|Any CPU
		{96AC1EE2-9A4A-412B-8A61-6C423E03C13E}.Debug|Any CPU.Build.0 = Debug|Any CPU
		{96AC1EE2-9A4A-412B-8A61-6C423E03C13E}.Debug|Mixed Platforms.ActiveCfg = Debug|x86
		{96AC1EE2-9A4A-412B-8A61-6C423E03C13E}.Debug|Mixed Platforms.Build.0 = Debug|x86
		{96AC1EE2-9A4A-412B-8A61-6C423E03C13E}.Debug|Win32.ActiveCfg = Debug|x86
		{96AC1EE2-9A4A-412B-8A61-6C423E03C13E}.Debug|x64.ActiveCfg = Debug|x86
		{96AC1EE2-9A4A-412B-8A61-6C423E03C13E}.Debug|x86.ActiveCfg = Debug|x86
		{96AC1EE2-9A4A-412B-8A61-6C423E03C13E}.Debug|x86.Build.0 = Debug|x86
		{96AC1EE2-9A4A-412B-8A61-6C423E03C13E}.Release|Any CPU.ActiveCfg = Release|Any CPU
		{96AC1EE2-9A4A-412B-8A61-6C423E03C13E}.Release|Any CPU.Build.0 = Release|Any CPU
		{96AC1EE2-9A4A-412B-8A61-6C423E03C13E}.Release|Mixed Platforms.ActiveCfg = Release|x86
		{96AC1EE2-9A4A-412B-8A61-6C423E03C13E}.Release|Mixed Platforms.Build.0 = Release|x86
		{96AC1EE2-9A4A-412B-8A61-6C423E03C13E}.Release|Win32.ActiveCfg = Release|x86
		{96AC1EE2-9A4A-412B-8A61-6C423E03C13E}.Release|x64.ActiveCfg = Release|x86
		{96AC1EE2-9A4A-412B-8A61-6C423E03C13E}.Release|x86.ActiveCfg = Release|x86
		{96AC1EE2-9A4A-412B-8A61-6C423E03C13E}.Release|x86.Build.0 = Release|x86
		{F3EDD60A-1420-47D9-85F6-6BA5BE8D1ACF}.Debug|Any CPU.ActiveCfg = Debug|x86
		{F3EDD60A-1420-47D9-85F6-6BA5BE8D1ACF}.Debug|Mixed Platforms.ActiveCfg = Debug|x86
		{F3EDD60A-1420-47D9-85F6-6BA5BE8D1ACF}.Debug|Mixed Platforms.Build.0 = Debug|x86
		{F3EDD60A-1420-47D9-85F6-6BA5BE8D1ACF}.Debug|Win32.ActiveCfg = Debug|x86
		{F3EDD60A-1420-47D9-85F6-6BA5BE8D1ACF}.Debug|x64.ActiveCfg = Debug|x86
		{F3EDD60A-1420-47D9-85F6-6BA5BE8D1ACF}.Debug|x86.ActiveCfg = Debug|x86
		{F3EDD60A-1420-47D9-85F6-6BA5BE8D1ACF}.Debug|x86.Build.0 = Debug|x86
		{F3EDD60A-1420-47D9-85F6-6BA5BE8D1ACF}.Release|Any CPU.ActiveCfg = Release|x86
		{F3EDD60A-1420-47D9-85F6-6BA5BE8D1ACF}.Release|Mixed Platforms.ActiveCfg = Release|x86
		{F3EDD60A-1420-47D9-85F6-6BA5BE8D1ACF}.Release|Mixed Platforms.Build.0 = Release|x86
		{F3EDD60A-1420-47D9-85F6-6BA5BE8D1ACF}.Release|Win32.ActiveCfg = Release|x86
		{F3EDD60A-1420-47D9-85F6-6BA5BE8D1ACF}.Release|x64.ActiveCfg = Release|x86
		{F3EDD60A-1420-47D9-85F6-6BA5BE8D1ACF}.Release|x86.ActiveCfg = Release|x86
		{F3EDD60A-1420-47D9-85F6-6BA5BE8D1ACF}.Release|x86.Build.0 = Release|x86
		{93795BD8-0E1B-4D6C-B5F4-B49533E8C7E8}.Debug|Any CPU.ActiveCfg = Debug|x64
		{93795BD8-0E1B-4D6C-B5F4-B49533E8C7E8}.Debug|Mixed Platforms.ActiveCfg = Debug|Win32
		{93795BD8-0E1B-4D6C-B5F4-B49533E8C7E8}.Debug|Mixed Platforms.Build.0 = Debug|Win32
		{93795BD8-0E1B-4D6C-B5F4-B49533E8C7E8}.Debug|Win32.ActiveCfg = Debug|Win32
		{93795BD8-0E1B-4D6C-B5F4-B49533E8C7E8}.Debug|Win32.Build.0 = Debug|Win32
		{93795BD8-0E1B-4D6C-B5F4-B49533E8C7E8}.Debug|x64.ActiveCfg = Debug|x64
		{93795BD8-0E1B-4D6C-B5F4-B49533E8C7E8}.Debug|x64.Build.0 = Debug|x64
		{93795BD8-0E1B-4D6C-B5F4-B49533E8C7E8}.Debug|x86.ActiveCfg = Debug|x64
		{93795BD8-0E1B-4D6C-B5F4-B49533E8C7E8}.Release|Any CPU.ActiveCfg = Release|x64
		{93795BD8-0E1B-4D6C-B5F4-B49533E8C7E8}.Release|Mixed Platforms.ActiveCfg = Release|x64
		{93795BD8-0E1B-4D6C-B5F4-B49533E8C7E8}.Release|Mixed Platforms.Build.0 = Release|x64
		{93795BD8-0E1B-4D6C-B5F4-B49533E8C7E8}.Release|Win32.ActiveCfg = Release|Win32
		{93795BD8-0E1B-4D6C-B5F4-B49533E8C7E8}.Release|Win32.Build.0 = Release|Win32
		{93795BD8-0E1B-4D6C-B5F4-B49533E8C7E8}.Release|x64.ActiveCfg = Release|x64
		{93795BD8-0E1B-4D6C-B5F4-B49533E8C7E8}.Release|x64.Build.0 = Release|x64
		{93795BD8-0E1B-4D6C-B5F4-B49533E8C7E8}.Release|x86.ActiveCfg = Release|x64
	EndGlobalSection
	GlobalSection(SolutionProperties) = preSolution
		HideSolutionNode = FALSE
	EndGlobalSection
	GlobalSection(NestedProjects) = preSolution
		{69C37372-AFE3-4883-BD3C-06B88F053153} = {5F9B37B0-2053-4B4C-882C-C9E5A15F4154}
		{B2715412-5382-4CA1-A64F-A69C419B152A} = {5F9B37B0-2053-4B4C-882C-C9E5A15F4154}
		{C2E6EE93-B834-4445-9AA2-28F6A6E23D8E} = {5F9B37B0-2053-4B4C-882C-C9E5A15F4154}
		{DD243C13-EE02-49F5-949B-FAC91BE3220E} = {5F9B37B0-2053-4B4C-882C-C9E5A15F4154}
		{E20389D6-73AD-410A-BB08-D4009B897E4A} = {5F9B37B0-2053-4B4C-882C-C9E5A15F4154}
		{93795BD8-0E1B-4D6C-B5F4-B49533E8C7E8} = {5F9B37B0-2053-4B4C-882C-C9E5A15F4154}
		{2644B5A3-A937-4B5E-B1DE-2D0950AD240B} = {487313E8-D8D4-4D41-905A-2C3687FBCFD1}
		{AA66A153-3289-47A3-B86C-1B6C8B4A4610} = {487313E8-D8D4-4D41-905A-2C3687FBCFD1}
		{8284DFC9-F996-4169-B947-96B36F3B27A1} = {2644B5A3-A937-4B5E-B1DE-2D0950AD240B}
		{003E3233-557D-4170-9BFC-813A7A71DA49} = {2644B5A3-A937-4B5E-B1DE-2D0950AD240B}
		{96AC1EE2-9A4A-412B-8A61-6C423E03C13E} = {2644B5A3-A937-4B5E-B1DE-2D0950AD240B}
		{F3EDD60A-1420-47D9-85F6-6BA5BE8D1ACF} = {AA66A153-3289-47A3-B86C-1B6C8B4A4610}
	EndGlobalSection
	GlobalSection(VaultVsipSolution-v2) = preSolution
		VaultHost = http://localhost/VaultService
		VaultRepositoryID = 1
		VaultRepositoryGUID = b98ad57c-86fb-48e5-a75f-f2c3a727dc35
		ProjectCount = 10
		ProjectRelativeDiskPath1 = Power Video Player.sln
		ProjectRelativeDiskPath2 = core\core.csproj
		ProjectRelativeDiskPath3 = dshow\dshow.csproj
		ProjectRelativeDiskPath4 = nwnd\nwnd.vcproj
		ProjectRelativeDiskPath5 = theme\theme.csproj
		ProjectRelativeDiskPath6 = pvp\pvp.csproj
		ProjectRelativeDiskPath7 = napi\napi.csproj
		ProjectRelativeDiskPath8 = AdvancedUI\AdvancedUI.csproj
		ProjectRelativeDiskPath9 = Setup\Setup.vdproj
		ProjectRelativeDiskPath10 = nwnd64\nwnd64.vcproj
	EndGlobalSection
EndGlobal
